
Microsoft Visual Studio Solution File, Format Version 12.00
# Visual Studio Version 16
VisualStudioVersion = 16.0.30523.141
MinimumVisualStudioVersion = 10.0.40219.1
Project("{FAE04EC0-301F-11D3-BF4B-00C04F79EFBC}") = "Login_and_Captcha", "Login_and_Captcha\Login_and_Captcha.csproj", "{5AB1297E-2E0C-418B-A05D-E1F4E9CB7781}"
EndProject
Global
	GlobalSection(SolutionConfigurationPlatforms) = preSolution
		Debug|Any CPU = Debug|Any CPU
		Release|Any CPU = Release|Any CPU
	EndGlobalSection
	GlobalSection(ProjectConfigurationPlatforms) = postSolution
		{5AB1297E-2E0C-418B-A05D-E1F4E9CB7781}.Debug|Any CPU.ActiveCfg = Debug|Any CPU
		{5AB1297E-2E0C-418B-A05D-E1F4E9CB7781}.Debug|Any CPU.Build.0 = Debug|Any CPU
		{5AB1297E-2E0C-418B-A05D-E1F4E9CB7781}.Release|Any CPU.ActiveCfg = Release|Any CPU
		{5AB1297E-2E0C-418B-A05D-E1F4E9CB7781}.Release|Any CPU.Build.0 = Release|Any CPU
	EndGlobalSection
	GlobalSection(SolutionProperties) = preSolution
		HideSolutionNode = FALSE
	EndGlobalSection
	GlobalSection(ExtensibilityGlobals) = postSolution
		SolutionGuid = {20D2B383-A3A3-4435-804C-9F0550AAF7A5}
	EndGlobalSection
EndGlobal
